
Microsoft Visual Studio Solution File, Format Version 12.00
# Visual Studio Version 17
VisualStudioVersion = 17.6.33723.286
MinimumVisualStudioVersion = 10.0.40219.1
Project("{FAE04EC0-301F-11D3-BF4B-00C04F79EFBC}") = "php2desktop", "php2desktop.csproj", "{0916E8EC-1ED6-4191-9D92-978D1EC9CF0B}"
EndProject
Global
	GlobalSection(SolutionConfigurationPlatforms) = preSolution
		Debug|Any CPU = Debug|Any CPU
		Release|Any CPU = Release|Any CPU
	EndGlobalSection
	GlobalSection(ProjectConfigurationPlatforms) = postSolution
		{0916E8EC-1ED6-4191-9D92-978D1EC9CF0B}.Debug|Any CPU.ActiveCfg = Debug|Any CPU
		{0916E8EC-1ED6-4191-9D92-978D1EC9CF0B}.Debug|Any CPU.Build.0 = Debug|Any CPU
		{0916E8EC-1ED6-4191-9D92-978D1EC9CF0B}.Release|Any CPU.ActiveCfg = Release|Any CPU
		{0916E8EC-1ED6-4191-9D92-978D1EC9CF0B}.Release|Any CPU.Build.0 = Release|Any CPU
	EndGlobalSection
	GlobalSection(SolutionProperties) = preSolution
		HideSolutionNode = FALSE
	EndGlobalSection
	GlobalSection(ExtensibilityGlobals) = postSolution
		SolutionGuid = {0BB4D457-9036-4DC9-810D-5281D4D18C9A}
	EndGlobalSection
EndGlobal
